
Microsoft Visual Studio Solution File, Format Version 12.00
# Visual Studio Version 17
VisualStudioVersion = 17.0.31903.59
MinimumVisualStudioVersion = 10.0.40219.1
Project("{FAE04EC0-301F-11D3-BF4B-00C04F79EFBC}") = "RHLDark", "RHLDark\RHLDark.csproj", "{3DD75A36-F9FF-4DD0-B8C4-6E0E073FD258}"
EndProject
Global
	GlobalSection(SolutionConfigurationPlatforms) = preSolution
		Debug|Any CPU = Debug|Any CPU
		Release|Any CPU = Release|Any CPU
	EndGlobalSection
	GlobalSection(ProjectConfigurationPlatforms) = postSolution
		{3DD75A36-F9FF-4DD0-B8C4-6E0E073FD258}.Debug|Any CPU.ActiveCfg = Debug|Any CPU
		{3DD75A36-F9FF-4DD0-B8C4-6E0E073FD258}.Debug|Any CPU.Build.0 = Debug|Any CPU
		{3DD75A36-F9FF-4DD0-B8C4-6E0E073FD258}.Release|Any CPU.ActiveCfg = Release|Any CPU
		{3DD75A36-F9FF-4DD0-B8C4-6E0E073FD258}.Release|Any CPU.Build.0 = Release|Any CPU
	EndGlobalSection
	GlobalSection(SolutionProperties) = preSolution
		HideSolutionNode = FALSE
	EndGlobalSection
	GlobalSection(ExtensibilityGlobals) = postSolution
		SolutionGuid = {DF367967-03C0-4BB2-B5D8-61A135F33553}
	EndGlobalSection
EndGlobal
